#MicroXplorer Configuration settings - do not modify
ADC1.Channel-0\#ChannelRegularConversion=ADC_CHANNEL_6
ADC1.ClockPrescaler=ADC_CLOCKPRESCALER_PCLK_DIV2
ADC1.ContinuousConvMode=DISABLE
ADC1.DMAContinuousRequests=DISABLE
ADC1.DataAlign=ADC_DATAALIGN_RIGHT
ADC1.DiscontinuousConvMode=DISABLE
ADC1.EOCSelection=EOC_SINGLE_CONV
ADC1.EnableAnalogWatchDog=false
ADC1.ExternalTrigConvEdge=ADC_EXTERNALTRIGCONVEDGE_NONE
ADC1.IPParameters=Rank-0\#ChannelRegularConversion,Channel-0\#ChannelRegularConversion,SamplingTime-0\#ChannelRegularConversion,NbrOfConversionFlag,master,ContinuousConvMode,ClockPrescaler,Resolution,DataAlign,ScanConvMode,DiscontinuousConvMode,DMAContinuousRequests,EOCSelection,NbrOfConversion,ExternalTrigConvEdge,InjNumberOfConversion,EnableAnalogWatchDog
ADC1.InjNumberOfConversion=0
ADC1.NbrOfConversion=1
ADC1.NbrOfConversionFlag=1
ADC1.Rank-0\#ChannelRegularConversion=1
ADC1.Resolution=ADC_RESOLUTION12b
ADC1.SamplingTime-0\#ChannelRegularConversion=ADC_SAMPLETIME_3CYCLES
ADC1.ScanConvMode=DISABLE
ADC1.master=1
File.Version=6
KeepUserPlacement=true
Mcu.Family=STM32F7
Mcu.IP0=ADC1
Mcu.IP1=CORTEX_M7
Mcu.IP10=TIM10
Mcu.IP11=TIM11
Mcu.IP12=TIM12
Mcu.IP13=TIM13
Mcu.IP14=TIM14
Mcu.IP15=USART1
Mcu.IP16=USART3
Mcu.IP2=NVIC
Mcu.IP3=RCC
Mcu.IP4=SYS
Mcu.IP5=TIM2
Mcu.IP6=TIM3
Mcu.IP7=TIM4
Mcu.IP8=TIM5
Mcu.IP9=TIM9
Mcu.IPNb=17
Mcu.Name=STM32F746Z(E-G)Tx
Mcu.Package=LQFP144
Mcu.Pin0=PC13
Mcu.Pin1=PC14/OSC32_IN
Mcu.Pin10=PA1
Mcu.Pin11=PA4
Mcu.Pin12=PA5
Mcu.Pin13=PA6
Mcu.Pin14=PA7
Mcu.Pin15=PC4
Mcu.Pin16=PC5
Mcu.Pin17=PB0
Mcu.Pin18=PB1
Mcu.Pin19=PB12
Mcu.Pin2=PC15/OSC32_OUT
Mcu.Pin20=PB14
Mcu.Pin21=PB15
Mcu.Pin22=PD8
Mcu.Pin23=PD9
Mcu.Pin24=PC6
Mcu.Pin25=PC7
Mcu.Pin26=PC8
Mcu.Pin27=PC9
Mcu.Pin28=PA8
Mcu.Pin29=PA9
Mcu.Pin3=PH0/OSC_IN
Mcu.Pin30=PA10
Mcu.Pin31=PA11
Mcu.Pin32=PA12
Mcu.Pin33=PA13
Mcu.Pin34=PA14
Mcu.Pin35=PC10
Mcu.Pin36=PC11
Mcu.Pin37=PC12
Mcu.Pin38=PD2
Mcu.Pin39=PB3
Mcu.Pin4=PH1/OSC_OUT
Mcu.Pin40=PB6
Mcu.Pin41=PB7
Mcu.Pin42=PB8
Mcu.Pin43=PB9
Mcu.Pin44=VP_SYS_VS_Systick
Mcu.Pin45=VP_TIM5_VS_ClockSourceINT
Mcu.Pin46=VP_TIM9_VS_ClockSourceINT
Mcu.Pin47=VP_TIM10_VS_ClockSourceINT
Mcu.Pin48=VP_TIM11_VS_ClockSourceINT
Mcu.Pin49=VP_TIM12_VS_ClockSourceINT
Mcu.Pin5=PC0
Mcu.Pin50=VP_TIM13_VS_ClockSourceINT
Mcu.Pin51=VP_TIM14_VS_ClockSourceINT
Mcu.Pin6=PC1
Mcu.Pin7=PC2
Mcu.Pin8=PC3
Mcu.Pin9=PA0/WKUP
Mcu.PinsNb=52
Mcu.UserConstants=
Mcu.UserName=STM32F746ZGTx
MxCube.Version=4.13.1
MxDb.Version=DB.4.0.130
NVIC.PriorityGroup=NVIC_PRIORITYGROUP_4
NVIC.SysTick_IRQn=true\:0\:0\:false
NVIC.TIM1_BRK_TIM9_IRQn=true\:2\:0\:true
NVIC.TIM1_TRG_COM_TIM11_IRQn=true\:1\:0\:true
NVIC.TIM1_UP_TIM10_IRQn=true\:1\:0\:true
NVIC.TIM8_BRK_TIM12_IRQn=true\:1\:0\:true
NVIC.TIM8_TRG_COM_TIM14_IRQn=true\:1\:0\:true
NVIC.TIM8_UP_TIM13_IRQn=true\:0\:0\:false
NVIC.USART1_IRQn=true\:1\:0\:true
PA0/WKUP.GPIOParameters=GPIO_Speed,GPIO_PuPd,GPIO_Label
PA0/WKUP.GPIO_Label=ENC1A_i
PA0/WKUP.GPIO_PuPd=GPIO_PULLUP
PA0/WKUP.GPIO_Speed=GPIO_SPEED_FAST
PA0/WKUP.Locked=true
PA0/WKUP.Signal=S_TIM2_CH1_ETR
PA1.GPIOParameters=GPIO_Speed,GPIO_PuPd,GPIO_Label
PA1.GPIO_Label=ENC1B_i
PA1.GPIO_PuPd=GPIO_PULLUP
PA1.GPIO_Speed=GPIO_SPEED_FAST
PA1.Locked=true
PA1.Signal=S_TIM2_CH2
PA10.GPIOParameters=GPIO_Label
PA10.GPIO_Label=RX_i
PA10.Locked=true
PA10.Mode=Asynchronous
PA10.Signal=USART1_RX
PA11.GPIOParameters=GPIO_Speed,GPIO_PuPd,GPIO_Label
PA11.GPIO_Label=QUAD1A_o
PA11.GPIO_PuPd=GPIO_PULLUP
PA11.GPIO_Speed=GPIO_SPEED_MEDIUM
PA11.Locked=true
PA11.Signal=GPIO_Output
PA12.GPIOParameters=GPIO_Speed,GPIO_PuPd,GPIO_Label
PA12.GPIO_Label=QUAD1B_o
PA12.GPIO_PuPd=GPIO_PULLUP
PA12.GPIO_Speed=GPIO_SPEED_MEDIUM
PA12.Locked=true
PA12.Signal=GPIO_Output
PA13.GPIOParameters=GPIO_Label
PA13.GPIO_Label=TMS
PA13.Locked=true
PA13.Mode=Trace-Asynchronous_SW
PA13.Signal=SYS_JTMS-SWDIO
PA14.GPIOParameters=GPIO_Label
PA14.GPIO_Label=TCK
PA14.Locked=true
PA14.Mode=Trace-Asynchronous_SW
PA14.Signal=SYS_JTCK-SWCLK
PA4.GPIOParameters=GPIO_PuPd,GPIO_Label
PA4.GPIO_Label=REMOTE_Y_i
PA4.GPIO_PuPd=GPIO_PULLUP
PA4.Locked=true
PA4.Signal=GPIO_Input
PA5.GPIOParameters=GPIO_PuPd,GPIO_Label
PA5.GPIO_Label=REMOTE_X_i
PA5.GPIO_PuPd=GPIO_PULLUP
PA5.Locked=true
PA5.Signal=GPIO_Input
PA6.Locked=true
PA6.Signal=ADCx_IN6
PA7.GPIOParameters=GPIO_PuPd,GPIO_Label
PA7.GPIO_Label=REMOTE_ON_i
PA7.GPIO_PuPd=GPIO_PULLUP
PA7.Locked=true
PA7.Signal=GPIO_Input
PA8.GPIOParameters=GPIO_PuPd,GPIO_Label
PA8.GPIO_Label=TX_EN_o
PA8.GPIO_PuPd=GPIO_PULLDOWN
PA8.Locked=true
PA8.Signal=GPIO_Output
PA9.GPIOParameters=GPIO_Label
PA9.GPIO_Label=TX_o
PA9.Locked=true
PA9.Mode=Asynchronous
PA9.Signal=USART1_TX
PB0.GPIOParameters=GPIO_Speed,GPIO_PuPd,GPIO_Label
PB0.GPIO_Label=QUAD4A_o
PB0.GPIO_PuPd=GPIO_PULLUP
PB0.GPIO_Speed=GPIO_SPEED_MEDIUM
PB0.Locked=true
PB0.Signal=GPIO_Output
PB1.GPIOParameters=GPIO_Speed,GPIO_PuPd,GPIO_Label
PB1.GPIO_Label=QUAD4B_o
PB1.GPIO_PuPd=GPIO_PULLUP
PB1.GPIO_Speed=GPIO_SPEED_MEDIUM
PB1.Locked=true
PB1.Signal=GPIO_Output
PB12.GPIOParameters=GPIO_PuPd,GPIO_Label
PB12.GPIO_Label=REMOTE_Z_i
PB12.GPIO_PuPd=GPIO_PULLUP
PB12.Locked=true
PB12.Signal=GPIO_Input
PB14.GPIOParameters=GPIO_Speed,GPIO_PuPd,GPIO_Label
PB14.GPIO_Label=QUAD5A_o
PB14.GPIO_PuPd=GPIO_PULLUP
PB14.GPIO_Speed=GPIO_SPEED_MEDIUM
PB14.Locked=true
PB14.Signal=GPIO_Output
PB15.GPIOParameters=GPIO_Speed,GPIO_PuPd,GPIO_Label
PB15.GPIO_Label=QUAD5B_o
PB15.GPIO_PuPd=GPIO_PULLUP
PB15.GPIO_Speed=GPIO_SPEED_MEDIUM
PB15.Locked=true
PB15.Signal=GPIO_Output
PB3.GPIOParameters=GPIO_Label
PB3.GPIO_Label=SWO
PB3.Locked=true
PB3.Mode=Trace-Asynchronous_SW
PB3.Signal=SYS_JTDO-SWO
PB6.GPIOParameters=GPIO_Speed,GPIO_PuPd,GPIO_Label
PB6.GPIO_Label=ENC3A_i
PB6.GPIO_PuPd=GPIO_PULLUP
PB6.GPIO_Speed=GPIO_SPEED_FAST
PB6.Locked=true
PB6.Signal=S_TIM4_CH1
PB7.GPIOParameters=GPIO_Speed,GPIO_PuPd,GPIO_Label
PB7.GPIO_Label=ENC3B_i
PB7.GPIO_PuPd=GPIO_PULLUP
PB7.GPIO_Speed=GPIO_SPEED_FAST
PB7.Locked=true
PB7.Signal=S_TIM4_CH2
PB8.GPIOParameters=GPIO_PuPd,GPIO_Label
PB8.GPIO_Label=ADDR_i
PB8.GPIO_PuPd=GPIO_PULLUP
PB8.Locked=true
PB8.Signal=GPIO_Input
PB9.GPIOParameters=PinState,GPIO_PuPd,GPIO_Label
PB9.GPIO_Label=ADDR_o
PB9.GPIO_PuPd=GPIO_PULLUP
PB9.Locked=true
PB9.PinState=GPIO_PIN_SET
PB9.Signal=GPIO_Output
PC0.GPIOParameters=GPIO_PuPd,GPIO_Label
PC0.GPIO_Label=MTR1_FLT_i
PC0.GPIO_PuPd=GPIO_PULLUP
PC0.Locked=true
PC0.Signal=GPIO_Input
PC1.GPIOParameters=GPIO_PuPd,GPIO_Label
PC1.GPIO_Label=MTR2_FLT_i
PC1.GPIO_PuPd=GPIO_PULLUP
PC1.Locked=true
PC1.Signal=GPIO_Input
PC10.GPIOParameters=GPIO_Speed,GPIO_PuPd,GPIO_Label
PC10.GPIO_Label=QUAD2A_o
PC10.GPIO_PuPd=GPIO_PULLUP
PC10.GPIO_Speed=GPIO_SPEED_MEDIUM
PC10.Locked=true
PC10.Signal=GPIO_Output
PC11.GPIOParameters=GPIO_Speed,GPIO_PuPd,GPIO_Label
PC11.GPIO_Label=QUAD2B_o
PC11.GPIO_PuPd=GPIO_PULLUP
PC11.GPIO_Speed=GPIO_SPEED_MEDIUM
PC11.Locked=true
PC11.Signal=GPIO_Output
PC12.GPIOParameters=GPIO_Speed,GPIO_PuPd,GPIO_Label
PC12.GPIO_Label=QUAD3A_o
PC12.GPIO_PuPd=GPIO_PULLUP
PC12.GPIO_Speed=GPIO_SPEED_MEDIUM
PC12.Locked=true
PC12.Signal=GPIO_Output
PC13.GPIOParameters=GPIO_PuPd,GPIO_Label
PC13.GPIO_Label=BLUE_BUTTON1
PC13.GPIO_PuPd=GPIO_PULLUP
PC13.Locked=true
PC13.Signal=GPIO_Input
PC14/OSC32_IN.Locked=true
PC14/OSC32_IN.Mode=LSE-External-Oscillator
PC14/OSC32_IN.Signal=RCC_OSC32_IN
PC15/OSC32_OUT.Locked=true
PC15/OSC32_OUT.Mode=LSE-External-Oscillator
PC15/OSC32_OUT.Signal=RCC_OSC32_OUT
PC2.GPIOParameters=GPIO_PuPd,GPIO_Label
PC2.GPIO_Label=MTR3_FLT_i
PC2.GPIO_PuPd=GPIO_PULLUP
PC2.Locked=true
PC2.Signal=GPIO_Input
PC3.GPIOParameters=GPIO_PuPd,GPIO_Label
PC3.GPIO_Label=ESTOP_i
PC3.GPIO_PuPd=GPIO_PULLUP
PC3.Locked=true
PC3.Signal=GPIO_Input
PC4.GPIOParameters=GPIO_PuPd,GPIO_Label
PC4.GPIO_Label=IMAGE_EN_o
PC4.GPIO_PuPd=GPIO_PULLUP
PC4.Locked=true
PC4.Signal=GPIO_Output
PC5.GPIOParameters=GPIO_PuPd,GPIO_Label
PC5.GPIO_Label=MTR3_EN_o
PC5.GPIO_PuPd=GPIO_PULLUP
PC5.Locked=true
PC5.Signal=GPIO_Output
PC6.GPIOParameters=GPIO_Speed,GPIO_PuPd,GPIO_Label
PC6.GPIO_Label=ENC2A_i
PC6.GPIO_PuPd=GPIO_PULLUP
PC6.GPIO_Speed=GPIO_SPEED_FAST
PC6.Locked=true
PC6.Signal=S_TIM3_CH1
PC7.GPIOParameters=GPIO_Speed,GPIO_PuPd,GPIO_Label
PC7.GPIO_Label=ENC2B_i
PC7.GPIO_PuPd=GPIO_PULLUP
PC7.GPIO_Speed=GPIO_SPEED_FAST
PC7.Locked=true
PC7.Signal=S_TIM3_CH2
PC8.GPIOParameters=GPIO_PuPd,GPIO_Label
PC8.GPIO_Label=MTR1_EN_o
PC8.GPIO_PuPd=GPIO_PULLUP
PC8.Locked=true
PC8.Signal=GPIO_Output
PC9.GPIOParameters=GPIO_PuPd,GPIO_Label
PC9.GPIO_Label=MTR2_EN_o
PC9.GPIO_PuPd=GPIO_PULLUP
PC9.Locked=true
PC9.Signal=GPIO_Output
PCC.Checker=false
PCC.Line=STM32F7x6
PCC.MCU=STM32F746Z(E-G)Tx
PCC.MXVersion=4.13.1
PCC.PartNumber=STM32F746ZGTx
PCC.Seq0=0
PCC.Series=STM32F7
PCC.Temperature=25
PCC.Vdd=3.6
PD2.GPIOParameters=GPIO_Speed,GPIO_PuPd,GPIO_Label
PD2.GPIO_Label=QUAD3B_o
PD2.GPIO_PuPd=GPIO_PULLUP
PD2.GPIO_Speed=GPIO_SPEED_MEDIUM
PD2.Locked=true
PD2.Signal=GPIO_Output
PD8.GPIOParameters=GPIO_Label
PD8.GPIO_Label=STLK_TX
PD8.Locked=true
PD8.Mode=Asynchronous
PD8.Signal=USART3_TX
PD9.GPIOParameters=GPIO_Label
PD9.GPIO_Label=STLK_RX
PD9.Locked=true
PD9.Mode=Asynchronous
PD9.Signal=USART3_RX
PH0/OSC_IN.GPIOParameters=GPIO_Label
PH0/OSC_IN.GPIO_Label=RCC_OSC_IN
PH0/OSC_IN.Locked=true
PH0/OSC_IN.Mode=HSE-External-Clock-Source
PH0/OSC_IN.Signal=RCC_OSC_IN
PH1/OSC_OUT.GPIOParameters=GPIO_Label
PH1/OSC_OUT.GPIO_Label=RCC_OSC_OUT
PH1/OSC_OUT.Locked=true
PH1/OSC_OUT.Mode=HSE-External-Clock-Source
PH1/OSC_OUT.Signal=RCC_OSC_OUT
ProjectManager.AskForMigrate=true
ProjectManager.BackupPrevious=true
ProjectManager.CompilerOptimize=2
ProjectManager.ComputerToolchain=false
ProjectManager.CoupleFile=true
ProjectManager.DeletePrevious=true
ProjectManager.DeviceId=STM32F746ZGTx
ProjectManager.FirmwarePackage=STM32Cube FW_F7 V1.3.1
ProjectManager.FreePins=false
ProjectManager.HalAssertFull=false
ProjectManager.HeapSize=0x400
ProjectManager.KeepUserCode=true
ProjectManager.LastFirmware=true
ProjectManager.LibraryCopy=2
ProjectManager.ProjectBuild=false
ProjectManager.ProjectFileName=MCU16.ioc
ProjectManager.ProjectName=MCU16
ProjectManager.StackSize=0x200
ProjectManager.TargetToolchain=EWARM
ProjectManager.ToolChainLocation=
ProjectManager.functionlistsort=1-MX_GPIO_Init-GPIO-false,2-MX_USART3_UART_Init-USART3-false,3-MX_TIM3_Init-TIM3-false,4-MX_TIM2_Init-TIM2-false,5-MX_TIM4_Init-TIM4-false,6-MX_USART1_UART_Init-USART1-false,7-MX_TIM14_Init-TIM14-false,8-MX_TIM13_Init-TIM13-false,9-MX_TIM5_Init-TIM5-false,10-MX_TIM9_Init-TIM9-false,11-MX_TIM10_Init-TIM10-false,12-MX_TIM11_Init-TIM11-false,13-MX_TIM12_Init-TIM12-false,14-MX_ADC1_Init-ADC1-false
RCC.48MHZClocksFreq_Value=24000000
RCC.ADC12outputFreq_Value=72000000
RCC.ADC34outputFreq_Value=72000000
RCC.AHBFreq_Value=216000000
RCC.APB1CLKDivider=RCC_HCLK_DIV8
RCC.APB1Freq_Value=27000000
RCC.APB1TimFreq_Value=54000000
RCC.APB2CLKDivider=RCC_HCLK_DIV4
RCC.APB2Freq_Value=54000000
RCC.APB2TimFreq_Value=108000000
RCC.CECFreq_Value=16393.44262295082
RCC.CortexFreq_Value=216000000
RCC.EthernetFreq_Value=216000000
RCC.FCLKCortexFreq_Value=216000000
RCC.FamilyName=M
RCC.HCLKFreq_Value=216000000
RCC.HSE_VALUE=8000000
RCC.HSI_VALUE=8000000
RCC.I2C1Freq_Value=27000000
RCC.I2C2Freq_Value=27000000
RCC.I2C3Freq_Value=27000000
RCC.I2C4Freq_Value=27000000
RCC.I2SClocksFreq_Value=48000000
RCC.I2SFreq_Value=192000000
RCC.IPParameters=FamilyName,LSI_VALUE,HSE_VALUE,RTCHSEDivFreq_Value,RTCFreq_Value,HSI_VALUE,I2C2Freq_Value,VCOOutput2Freq_Value,PLLCLKFreq_Value,USBFreq_Value,PLLMCOFreq_Value,ADC12outputFreq_Value,ADC34outputFreq_Value,SYSCLKFreq_VALUE,AHBFreq_Value,CortexFreq_Value,APB1Freq_Value,UART5Freq_Value,UART4Freq_Value,USART2Freq_Value,USART3Freq_Value,APB2Freq_Value,TIM2Freq_Value,USART1Freq_Value,I2C3Freq_Value,I2C1Freq_Value,PLLMUL,SYSCLKSourceVirtual,HCLKFreq_Value,FCLKCortexFreq_Value,APB1TimFreq_Value,TIM3Freq_Value,APB2TimFreq_Value,TIM15Freq_Value,TIM17Freq_Value,TIM16Freq_Value,TIM20Freq_Value,TIM1Freq_Value,TIM8Freq_Value,I2SClocksFreq_Value,MCOFreq_Value,APB1CLKDivider,PRESCALERUSB,WatchDogFreq_Value,EthernetFreq_Value,MCO2PinFreq_Value,VCOInputFreq_Value,VCOOutputFreq_Value,48MHZClocksFreq_Value,VCOI2SOutputFreq_Value,VcooutputI2S,MCO1PinFreq_Value,LPTIM1Freq_Value,USART6Freq_Value,UART7Freq_Value,PLLQCLKFreq_Value,PLLQoutputFreq_Value,VCOSAIOutputFreq_Value,PLLSAIPCLKFreq_Value,PLLSAIoutputFreq_Value,PLLSAIQCLKFreq_Value,SAI2Freq_Value,PLLSAIRCLKFreq_Value,LCDTFToutputFreq_Value,PLLI2SPCLKFreq_Value,SPDIFRXFreq_Value,PLLI2SQCLKFreq_Value,PLLI2SRCLKFreq_Value,PLLI2SRoutputFreq_Value,SDMMCFreq_Value,CECFreq_Value,I2C4Freq_Value,SAI1Freq_Value,UART8Freq_Value,I2SFreq_Value,PLLM,PLLN,SYSCLKSource,PLLQ,APB2CLKDivider,PLLSourceVirtual
RCC.LCDTFToutputFreq_Value=96000000
RCC.LPTIM1Freq_Value=27000000
RCC.LSI_VALUE=40000
RCC.MCO1PinFreq_Value=8000000
RCC.MCO2PinFreq_Value=216000000
RCC.MCOFreq_Value=72000000
RCC.PLLCLKFreq_Value=216000000
RCC.PLLI2SPCLKFreq_Value=192000000
RCC.PLLI2SQCLKFreq_Value=192000000
RCC.PLLI2SRCLKFreq_Value=192000000
RCC.PLLI2SRoutputFreq_Value=192000000
RCC.PLLM=4
RCC.PLLMCOFreq_Value=72000000
RCC.PLLMUL=RCC_PLL_MUL9
RCC.PLLN=216
RCC.PLLQ=9
RCC.PLLQCLKFreq_Value=48000000
RCC.PLLQoutputFreq_Value=48000000
RCC.PLLSAIPCLKFreq_Value=192000000
RCC.PLLSAIQCLKFreq_Value=192000000
RCC.PLLSAIRCLKFreq_Value=192000000
RCC.PLLSAIoutputFreq_Value=192000000
RCC.PLLSourceVirtual=RCC_PLLSOURCE_HSE
RCC.PRESCALERUSB=RCC_USBPLLCLK_DIV1_5
RCC.RTCFreq_Value=40000
RCC.RTCHSEDivFreq_Value=4000000
RCC.SAI1Freq_Value=192000000
RCC.SAI2Freq_Value=192000000
RCC.SDMMCFreq_Value=216000000
RCC.SPDIFRXFreq_Value=192000000
RCC.SYSCLKFreq_VALUE=216000000
RCC.SYSCLKSource=RCC_SYSCLKSOURCE_PLLCLK
RCC.SYSCLKSourceVirtual=RCC_SYSCLKSOURCE_PLLCLK
RCC.TIM15Freq_Value=72000000
RCC.TIM16Freq_Value=72000000
RCC.TIM17Freq_Value=72000000
RCC.TIM1Freq_Value=72000000
RCC.TIM20Freq_Value=72000000
RCC.TIM2Freq_Value=72000000
RCC.TIM3Freq_Value=72000000
RCC.TIM8Freq_Value=72000000
RCC.UART4Freq_Value=27000000
RCC.UART5Freq_Value=27000000
RCC.UART7Freq_Value=27000000
RCC.UART8Freq_Value=27000000
RCC.USART1Freq_Value=54000000
RCC.USART2Freq_Value=27000000
RCC.USART3Freq_Value=27000000
RCC.USART6Freq_Value=54000000
RCC.USBFreq_Value=48000000
RCC.VCOI2SOutputFreq_Value=384000000
RCC.VCOInputFreq_Value=2000000
RCC.VCOOutput2Freq_Value=8000000
RCC.VCOOutputFreq_Value=432000000
RCC.VCOSAIOutputFreq_Value=384000000
RCC.VcooutputI2S=48000000
RCC.WatchDogFreq_Value=40000
SH.ADCx_IN6.0=ADC1_IN6,IN6
SH.ADCx_IN6.ConfNb=1
SH.S_TIM2_CH1_ETR.0=TIM2_CH1,Encoder_Interface
SH.S_TIM2_CH1_ETR.ConfNb=1
SH.S_TIM2_CH2.0=TIM2_CH2,Encoder_Interface
SH.S_TIM2_CH2.ConfNb=1
SH.S_TIM3_CH1.0=TIM3_CH1,Encoder_Interface
SH.S_TIM3_CH1.ConfNb=1
SH.S_TIM3_CH2.0=TIM3_CH2,Encoder_Interface
SH.S_TIM3_CH2.ConfNb=1
SH.S_TIM4_CH1.0=TIM4_CH1,Encoder_Interface
SH.S_TIM4_CH1.ConfNb=1
SH.S_TIM4_CH2.0=TIM4_CH2,Encoder_Interface
SH.S_TIM4_CH2.ConfNb=1
TIM10.IPParameters=Period,Prescaler
TIM10.Period=0x0FFFF
TIM10.Prescaler=108
TIM11.IPParameters=Period,Prescaler
TIM11.Period=0x0FFFF
TIM11.Prescaler=108
TIM12.IPParameters=Period,Prescaler
TIM12.Period=0x0FFFF
TIM12.Prescaler=54
TIM13.IPParameters=Period,Prescaler
TIM13.Period=0x0FFFF
TIM13.Prescaler=54
TIM14.IPParameters=Period,Prescaler
TIM14.Period=0x0FFFF
TIM14.Prescaler=54
TIM2.EncoderMode=TIM_ENCODERMODE_TI12
TIM2.IC1Filter=4
TIM2.IC2Filter=4
TIM2.IPParameters=IC1Filter,IC2Filter,Period,EncoderMode
TIM2.Period=0x0FFFFFFFF
TIM3.CounterMode=TIM_COUNTERMODE_UP
TIM3.EncoderMode=TIM_ENCODERMODE_TI12
TIM3.IC1Filter=4
TIM3.IC2Filter=4
TIM3.IPParameters=IC1Filter,IC2Filter,CounterMode,TIM_MasterSlaveMode,EncoderMode,Period
TIM3.Period=0x0FFFF
TIM3.TIM_MasterSlaveMode=TIM_MASTERSLAVEMODE_DISABLE
TIM4.EncoderMode=TIM_ENCODERMODE_TI12
TIM4.IC1Filter=4
TIM4.IC2Filter=4
TIM4.IPParameters=IC1Filter,IC2Filter,Period,EncoderMode
TIM4.Period=0x0FFFF
TIM5.IPParameters=Period,Prescaler
TIM5.Period=0x0FFFFFFFF
TIM5.Prescaler=54
TIM9.IPParameters=Period,Prescaler
TIM9.Period=0x0FFFF
TIM9.Prescaler=108
USART1.BaudRate=19200
USART1.IPParameters=BaudRate,WordLength
USART1.WordLength=UART_WORDLENGTH_8B
VP_SYS_VS_Systick.Mode=SysTick
VP_SYS_VS_Systick.Signal=SYS_VS_Systick
VP_TIM10_VS_ClockSourceINT.Mode=Enable_Timer
VP_TIM10_VS_ClockSourceINT.Signal=TIM10_VS_ClockSourceINT
VP_TIM11_VS_ClockSourceINT.Mode=Enable_Timer
VP_TIM11_VS_ClockSourceINT.Signal=TIM11_VS_ClockSourceINT
VP_TIM12_VS_ClockSourceINT.Mode=Internal
VP_TIM12_VS_ClockSourceINT.Signal=TIM12_VS_ClockSourceINT
VP_TIM13_VS_ClockSourceINT.Mode=Enable_Timer
VP_TIM13_VS_ClockSourceINT.Signal=TIM13_VS_ClockSourceINT
VP_TIM14_VS_ClockSourceINT.Mode=Enable_Timer
VP_TIM14_VS_ClockSourceINT.Signal=TIM14_VS_ClockSourceINT
VP_TIM5_VS_ClockSourceINT.Mode=Internal
VP_TIM5_VS_ClockSourceINT.Signal=TIM5_VS_ClockSourceINT
VP_TIM9_VS_ClockSourceINT.Mode=Internal
VP_TIM9_VS_ClockSourceINT.Signal=TIM9_VS_ClockSourceINT
board=NUCLEO-F746ZG
boardIOC=true
