
Microsoft Visual Studio Solution File, Format Version 10.00
# Visual Studio 2008
Project("{8BC9CEB8-8B4A-11D0-8D11-00A0C91BC942}") = "atco_fpm", "atco_fpm\atco_fpm.vcproj", "{84105562-32AC-4A2A-86E6-B929863FA2C6}"
EndProject
Global
	GlobalSection(SolutionConfigurationPlatforms) = preSolution
		Debug|Win32 = Debug|Win32
		Release|Win32 = Release|Win32
	EndGlobalSection
	GlobalSection(ProjectConfigurationPlatforms) = postSolution
		{84105562-32AC-4A2A-86E6-B929863FA2C6}.Debug|Win32.ActiveCfg = Debug|Win32
		{84105562-32AC-4A2A-86E6-B929863FA2C6}.Debug|Win32.Build.0 = Debug|Win32
		{84105562-32AC-4A2A-86E6-B929863FA2C6}.Release|Win32.ActiveCfg = Release|Win32
		{84105562-32AC-4A2A-86E6-B929863FA2C6}.Release|Win32.Build.0 = Release|Win32
	EndGlobalSection
	GlobalSection(SolutionProperties) = preSolution
		HideSolutionNode = FALSE
	EndGlobalSection
EndGlobal
